{
  "requires": true,
  "lockfileVersion": 1,
  "dependencies": {
    "flow-bin": {
      "version": "0.108.0",
      "resolved": "https://registry.npmjs.org/flow-bin/-/flow-bin-0.108.0.tgz",
      "integrity": "sha512-hPEyCP1J8rdhNDfCAA5w7bN6HUNBDcHVg/ABU5JVo0gUFMx+uRewpyEH8LlLBGjVQuIpbaPpaqpoaQhAVyaYww=="
    }
  }
}
